
Microsoft Visual Studio Solution File, Format Version 12.00
# Visual Studio Version 17
VisualStudioVersion = 17.14.36705.20 d17.14
MinimumVisualStudioVersion = 10.0.40219.1
Project("{FAE04EC0-301F-11D3-BF4B-00C04F79EFBC}") = "UniStaj", "UniStaj\UniStaj.csproj", "{AFCA8850-AD14-41A6-8202-4F769ECA359B}"
EndProject
Global
	GlobalSection(SolutionConfigurationPlatforms) = preSolution
		Debug|Any CPU = Debug|Any CPU
		Release|Any CPU = Release|Any CPU
	EndGlobalSection
	GlobalSection(ProjectConfigurationPlatforms) = postSolution
		{AFCA8850-AD14-41A6-8202-4F769ECA359B}.Debug|Any CPU.ActiveCfg = Debug|Any CPU
		{AFCA8850-AD14-41A6-8202-4F769ECA359B}.Debug|Any CPU.Build.0 = Debug|Any CPU
		{AFCA8850-AD14-41A6-8202-4F769ECA359B}.Release|Any CPU.ActiveCfg = Release|Any CPU
		{AFCA8850-AD14-41A6-8202-4F769ECA359B}.Release|Any CPU.Build.0 = Release|Any CPU
	EndGlobalSection
	GlobalSection(SolutionProperties) = preSolution
		HideSolutionNode = FALSE
	EndGlobalSection
	GlobalSection(ExtensibilityGlobals) = postSolution
		SolutionGuid = {4DC22B0E-0799-4FA6-A534-D6B3BE9CE9F1}
	EndGlobalSection
EndGlobal
